
Microsoft Visual Studio Solution File, Format Version 12.00
# Visual Studio Version 17
VisualStudioVersion = 17.11.35222.181
MinimumVisualStudioVersion = 10.0.40219.1
Project("{8BC9CEB8-8B4A-11D0-8D11-00A0C91BC942}") = "Lab_6.2.i", "Lab_6.2.i\Lab_6.2.i.vcxproj", "{963AACB3-7723-45B9-B0AB-62CAD6F2E636}"
EndProject
Project("{8BC9CEB8-8B4A-11D0-8D11-00A0C91BC942}") = "UnitTest_6.2.i", "UnitTest_6.2.i\UnitTest_6.2.i.vcxproj", "{E2AAC1C7-71EC-48BB-A7F4-7DAF18EB7577}"
EndProject
Global
	GlobalSection(SolutionConfigurationPlatforms) = preSolution
		Debug|x64 = Debug|x64
		Debug|x86 = Debug|x86
		Release|x64 = Release|x64
		Release|x86 = Release|x86
	EndGlobalSection
	GlobalSection(ProjectConfigurationPlatforms) = postSolution
		{963AACB3-7723-45B9-B0AB-62CAD6F2E636}.Debug|x64.ActiveCfg = Debug|x64
		{963AACB3-7723-45B9-B0AB-62CAD6F2E636}.Debug|x64.Build.0 = Debug|x64
		{963AACB3-7723-45B9-B0AB-62CAD6F2E636}.Debug|x86.ActiveCfg = Debug|Win32
		{963AACB3-7723-45B9-B0AB-62CAD6F2E636}.Debug|x86.Build.0 = Debug|Win32
		{963AACB3-7723-45B9-B0AB-62CAD6F2E636}.Release|x64.ActiveCfg = Release|x64
		{963AACB3-7723-45B9-B0AB-62CAD6F2E636}.Release|x64.Build.0 = Release|x64
		{963AACB3-7723-45B9-B0AB-62CAD6F2E636}.Release|x86.ActiveCfg = Release|Win32
		{963AACB3-7723-45B9-B0AB-62CAD6F2E636}.Release|x86.Build.0 = Release|Win32
		{E2AAC1C7-71EC-48BB-A7F4-7DAF18EB7577}.Debug|x64.ActiveCfg = Debug|x64
		{E2AAC1C7-71EC-48BB-A7F4-7DAF18EB7577}.Debug|x64.Build.0 = Debug|x64
		{E2AAC1C7-71EC-48BB-A7F4-7DAF18EB7577}.Debug|x86.ActiveCfg = Debug|Win32
		{E2AAC1C7-71EC-48BB-A7F4-7DAF18EB7577}.Debug|x86.Build.0 = Debug|Win32
		{E2AAC1C7-71EC-48BB-A7F4-7DAF18EB7577}.Release|x64.ActiveCfg = Release|x64
		{E2AAC1C7-71EC-48BB-A7F4-7DAF18EB7577}.Release|x64.Build.0 = Release|x64
		{E2AAC1C7-71EC-48BB-A7F4-7DAF18EB7577}.Release|x86.ActiveCfg = Release|Win32
		{E2AAC1C7-71EC-48BB-A7F4-7DAF18EB7577}.Release|x86.Build.0 = Release|Win32
	EndGlobalSection
	GlobalSection(SolutionProperties) = preSolution
		HideSolutionNode = FALSE
	EndGlobalSection
	GlobalSection(ExtensibilityGlobals) = postSolution
		SolutionGuid = {AD0BBFB8-E8B8-46DC-B5F8-A9AF615E6D91}
	EndGlobalSection
EndGlobal
